<Solution>
  <Folder Name="/src/">
    <Project Path="src/SessionPerfTracker.App/SessionPerfTracker.App.csproj" />
    <Project Path="src/SessionPerfTracker.Domain/SessionPerfTracker.Domain.csproj" />
    <Project Path="src/SessionPerfTracker.Infrastructure/SessionPerfTracker.Infrastructure.csproj" />
  </Folder>
</Solution>
